
Microsoft Visual Studio Solution File, Format Version 12.00
# Visual Studio Version 16
VisualStudioVersion = 16.0.30320.27
MinimumVisualStudioVersion = 10.0.40219.1
Project("{FAE04EC0-301F-11D3-BF4B-00C04F79EFBC}") = "AmbientSoundWPF", "AmbientSoundWPF\AmbientSoundWPF.csproj", "{707B48AB-ABD2-4860-89EE-97BEA0F5C7D4}"
EndProject
Global
	GlobalSection(SolutionConfigurationPlatforms) = preSolution
		Debug|Any CPU = Debug|Any CPU
		Release|Any CPU = Release|Any CPU
	EndGlobalSection
	GlobalSection(ProjectConfigurationPlatforms) = postSolution
		{707B48AB-ABD2-4860-89EE-97BEA0F5C7D4}.Debug|Any CPU.ActiveCfg = Debug|Any CPU
		{707B48AB-ABD2-4860-89EE-97BEA0F5C7D4}.Debug|Any CPU.Build.0 = Debug|Any CPU
		{707B48AB-ABD2-4860-89EE-97BEA0F5C7D4}.Release|Any CPU.ActiveCfg = Release|Any CPU
		{707B48AB-ABD2-4860-89EE-97BEA0F5C7D4}.Release|Any CPU.Build.0 = Release|Any CPU
	EndGlobalSection
	GlobalSection(SolutionProperties) = preSolution
		HideSolutionNode = FALSE
	EndGlobalSection
	GlobalSection(ExtensibilityGlobals) = postSolution
		SolutionGuid = {54D5E630-FDD8-42BD-8D10-993FB7E4F970}
	EndGlobalSection
EndGlobal
